
Microsoft Visual Studio Solution File, Format Version 12.00
# Visual Studio Version 17
VisualStudioVersion = 17.14.36616.10 d17.14
MinimumVisualStudioVersion = 10.0.40219.1
Project("{FAE04EC0-301F-11D3-BF4B-00C04F79EFBC}") = "CB_WebApiTask", "CB_WebApiTask\CB_WebApiTask.csproj", "{F22ECC1A-7D42-42C5-B20B-3F51F840533D}"
EndProject
Global
	GlobalSection(SolutionConfigurationPlatforms) = preSolution
		Debug|Any CPU = Debug|Any CPU
		Release|Any CPU = Release|Any CPU
	EndGlobalSection
	GlobalSection(ProjectConfigurationPlatforms) = postSolution
		{F22ECC1A-7D42-42C5-B20B-3F51F840533D}.Debug|Any CPU.ActiveCfg = Debug|Any CPU
		{F22ECC1A-7D42-42C5-B20B-3F51F840533D}.Debug|Any CPU.Build.0 = Debug|Any CPU
		{F22ECC1A-7D42-42C5-B20B-3F51F840533D}.Release|Any CPU.ActiveCfg = Release|Any CPU
		{F22ECC1A-7D42-42C5-B20B-3F51F840533D}.Release|Any CPU.Build.0 = Release|Any CPU
	EndGlobalSection
	GlobalSection(SolutionProperties) = preSolution
		HideSolutionNode = FALSE
	EndGlobalSection
	GlobalSection(ExtensibilityGlobals) = postSolution
		SolutionGuid = {37FDACC8-31D3-4C53-B217-AE403808CDF2}
	EndGlobalSection
EndGlobal
